{
    "_meta": {
        "hash": {
            "sha256": "6ec6601c44912f7be84856e05caaef5602ce4d6ddb68ba71bcd484ef95f8fa8a"
        },
        "pipfile-spec": 6,
        "requires": {
            "python_version": "3.7"
        },
        "sources": [
            {
                "name": "pypi",
                "url": "https://pypi.org/simple",
                "verify_ssl": true
            }
        ]
    },
    "default": {
        "demandimport": {
            "hashes": [
                "sha256:3cb9f51a5e85aa7dd77acb4dcc2b3be8ead1472e90e64ea991875a06611dff8d"
            ],
            "index": "pypi",
            "version": "==0.3.4"
        },
        "import-times": {
            "editable": true,
            "git": "https://github.com/banool/import_times.git",
            "ref": "0bf0fc6d6d8f3a790fcb94590d19611f99d9ae01"
        },
        "pydeps": {
            "editable": true,
            "git": "https://github.com/banool/pydeps.git",
            "ref": "f71e1f478eb1aa93d04e139dce80881889e97d37"
        },
        "stdlib-list": {
            "hashes": [
                "sha256:5311a95812ebce3c5ad0b1f6ded798ce6f945d157075d166a5426c2da75a6625",
                "sha256:fe30e9fc98304de4207f545311c75a6ad7701719bbeb1ac018a0fcf6aa70c0ce"
            ],
            "version": "==0.5.0"
        },
        "tuna": {
            "hashes": [
                "sha256:54e65eb285e2e233c5396ef9e6f7187c17c7b530d5749ad8745090a380908381",
                "sha256:5d92b7e3d55c847daa61ab49d375e765ff93946708cc9efc3cbdd212db4f94f4"
            ],
            "index": "pypi",
            "version": "==0.3.0"
        }
    },
    "develop": {}
}
